
Microsoft Visual Studio Solution File, Format Version 12.00
# Visual Studio Version 17
VisualStudioVersion = 17.1.32228.430
MinimumVisualStudioVersion = 10.0.40219.1
Project("{8BC9CEB8-8B4A-11D0-8D11-00A0C91BC942}") = "Project3.3(D)", "Project3.3(D)\Project3.3(D).vcxproj", "{9C32BDC7-2584-4D9B-88C8-D193CAB4BEBD}"
EndProject
Project("{8BC9CEB8-8B4A-11D0-8D11-00A0C91BC942}") = "UnitTest1", "UnitTest1\UnitTest1.vcxproj", "{74377887-42A9-4CE2-A409-6ADCE66584E5}"
EndProject
Global
	GlobalSection(SolutionConfigurationPlatforms) = preSolution
		Debug|x64 = Debug|x64
		Debug|x86 = Debug|x86
		Release|x64 = Release|x64
		Release|x86 = Release|x86
	EndGlobalSection
	GlobalSection(ProjectConfigurationPlatforms) = postSolution
		{9C32BDC7-2584-4D9B-88C8-D193CAB4BEBD}.Debug|x64.ActiveCfg = Debug|x64
		{9C32BDC7-2584-4D9B-88C8-D193CAB4BEBD}.Debug|x64.Build.0 = Debug|x64
		{9C32BDC7-2584-4D9B-88C8-D193CAB4BEBD}.Debug|x86.ActiveCfg = Debug|Win32
		{9C32BDC7-2584-4D9B-88C8-D193CAB4BEBD}.Debug|x86.Build.0 = Debug|Win32
		{9C32BDC7-2584-4D9B-88C8-D193CAB4BEBD}.Release|x64.ActiveCfg = Release|x64
		{9C32BDC7-2584-4D9B-88C8-D193CAB4BEBD}.Release|x64.Build.0 = Release|x64
		{9C32BDC7-2584-4D9B-88C8-D193CAB4BEBD}.Release|x86.ActiveCfg = Release|Win32
		{9C32BDC7-2584-4D9B-88C8-D193CAB4BEBD}.Release|x86.Build.0 = Release|Win32
		{74377887-42A9-4CE2-A409-6ADCE66584E5}.Debug|x64.ActiveCfg = Debug|x64
		{74377887-42A9-4CE2-A409-6ADCE66584E5}.Debug|x64.Build.0 = Debug|x64
		{74377887-42A9-4CE2-A409-6ADCE66584E5}.Debug|x86.ActiveCfg = Debug|Win32
		{74377887-42A9-4CE2-A409-6ADCE66584E5}.Debug|x86.Build.0 = Debug|Win32
		{74377887-42A9-4CE2-A409-6ADCE66584E5}.Release|x64.ActiveCfg = Release|x64
		{74377887-42A9-4CE2-A409-6ADCE66584E5}.Release|x64.Build.0 = Release|x64
		{74377887-42A9-4CE2-A409-6ADCE66584E5}.Release|x86.ActiveCfg = Release|Win32
		{74377887-42A9-4CE2-A409-6ADCE66584E5}.Release|x86.Build.0 = Release|Win32
	EndGlobalSection
	GlobalSection(SolutionProperties) = preSolution
		HideSolutionNode = FALSE
	EndGlobalSection
	GlobalSection(ExtensibilityGlobals) = postSolution
		SolutionGuid = {7F2D8F58-C64C-421C-844E-B4A66AC6BA95}
	EndGlobalSection
EndGlobal
